
Microsoft Visual Studio Solution File, Format Version 12.00
# Visual Studio Version 16
VisualStudioVersion = 16.0.29215.179
MinimumVisualStudioVersion = 10.0.40219.1
Project("{FAE04EC0-301F-11D3-BF4B-00C04F79EFBC}") = "ListagemDeCervejas", "ListagemDeCervejas\ListagemDeCervejas.csproj", "{358D6C98-3761-40D8-A2BE-1AD75F162D9D}"
EndProject
Project("{FAE04EC0-301F-11D3-BF4B-00C04F79EFBC}") = "ListarCerveja", "ListarCerveja\ListarCerveja.csproj", "{337075CA-80AB-4A23-A0EB-959ADCD584C3}"
EndProject
Global
	GlobalSection(SolutionConfigurationPlatforms) = preSolution
		Debug|Any CPU = Debug|Any CPU
		Release|Any CPU = Release|Any CPU
	EndGlobalSection
	GlobalSection(ProjectConfigurationPlatforms) = postSolution
		{358D6C98-3761-40D8-A2BE-1AD75F162D9D}.Debug|Any CPU.ActiveCfg = Debug|Any CPU
		{358D6C98-3761-40D8-A2BE-1AD75F162D9D}.Debug|Any CPU.Build.0 = Debug|Any CPU
		{358D6C98-3761-40D8-A2BE-1AD75F162D9D}.Release|Any CPU.ActiveCfg = Release|Any CPU
		{358D6C98-3761-40D8-A2BE-1AD75F162D9D}.Release|Any CPU.Build.0 = Release|Any CPU
		{337075CA-80AB-4A23-A0EB-959ADCD584C3}.Debug|Any CPU.ActiveCfg = Debug|Any CPU
		{337075CA-80AB-4A23-A0EB-959ADCD584C3}.Debug|Any CPU.Build.0 = Debug|Any CPU
		{337075CA-80AB-4A23-A0EB-959ADCD584C3}.Release|Any CPU.ActiveCfg = Release|Any CPU
		{337075CA-80AB-4A23-A0EB-959ADCD584C3}.Release|Any CPU.Build.0 = Release|Any CPU
	EndGlobalSection
	GlobalSection(SolutionProperties) = preSolution
		HideSolutionNode = FALSE
	EndGlobalSection
	GlobalSection(ExtensibilityGlobals) = postSolution
		SolutionGuid = {3BB5616F-B744-48FD-96D9-E1A626188250}
	EndGlobalSection
EndGlobal
