
Microsoft Visual Studio Solution File, Format Version 12.00
# Visual Studio Version 16
VisualStudioVersion = 16.0.29215.179
MinimumVisualStudioVersion = 10.0.40219.1
Project("{FAE04EC0-301F-11D3-BF4B-00C04F79EFBC}") = "SistemaRelatorioParaCarros", "SistemaRelatorio\SistemaRelatorioParaCarros.csproj", "{4B8E6824-2AF5-46AD-A26A-3D0E59666A93}"
EndProject
Project("{FAE04EC0-301F-11D3-BF4B-00C04F79EFBC}") = "InterfaceSistemaRelatorio", "InterfaceSistemaRelatorio\InterfaceSistemaRelatorio.csproj", "{3B8F2AEB-4E17-4165-9547-DBEF864AFB7C}"
EndProject
Global
	GlobalSection(SolutionConfigurationPlatforms) = preSolution
		Debug|Any CPU = Debug|Any CPU
		Release|Any CPU = Release|Any CPU
	EndGlobalSection
	GlobalSection(ProjectConfigurationPlatforms) = postSolution
		{4B8E6824-2AF5-46AD-A26A-3D0E59666A93}.Debug|Any CPU.ActiveCfg = Debug|Any CPU
		{4B8E6824-2AF5-46AD-A26A-3D0E59666A93}.Debug|Any CPU.Build.0 = Debug|Any CPU
		{4B8E6824-2AF5-46AD-A26A-3D0E59666A93}.Release|Any CPU.ActiveCfg = Release|Any CPU
		{4B8E6824-2AF5-46AD-A26A-3D0E59666A93}.Release|Any CPU.Build.0 = Release|Any CPU
		{3B8F2AEB-4E17-4165-9547-DBEF864AFB7C}.Debug|Any CPU.ActiveCfg = Debug|Any CPU
		{3B8F2AEB-4E17-4165-9547-DBEF864AFB7C}.Debug|Any CPU.Build.0 = Debug|Any CPU
		{3B8F2AEB-4E17-4165-9547-DBEF864AFB7C}.Release|Any CPU.ActiveCfg = Release|Any CPU
		{3B8F2AEB-4E17-4165-9547-DBEF864AFB7C}.Release|Any CPU.Build.0 = Release|Any CPU
	EndGlobalSection
	GlobalSection(SolutionProperties) = preSolution
		HideSolutionNode = FALSE
	EndGlobalSection
	GlobalSection(ExtensibilityGlobals) = postSolution
		SolutionGuid = {E733A45B-6632-47A2-BF07-64DA93813607}
	EndGlobalSection
EndGlobal
