
Microsoft Visual Studio Solution File, Format Version 12.00
# Visual Studio Version 16
VisualStudioVersion = 16.0.29215.179
MinimumVisualStudioVersion = 10.0.40219.1
Project("{FAE04EC0-301F-11D3-BF4B-00C04F79EFBC}") = "ListarCarrosDoAmigo", "ListarCarrosDoAmigo\ListarCarrosDoAmigo.csproj", "{9E458579-58F6-47BC-937F-79C391EEE3F3}"
EndProject
Project("{FAE04EC0-301F-11D3-BF4B-00C04F79EFBC}") = "Listar", "Listar\Listar.csproj", "{9B07410A-BD71-4D91-BB18-F74303540AAD}"
EndProject
Global
	GlobalSection(SolutionConfigurationPlatforms) = preSolution
		Debug|Any CPU = Debug|Any CPU
		Release|Any CPU = Release|Any CPU
	EndGlobalSection
	GlobalSection(ProjectConfigurationPlatforms) = postSolution
		{9E458579-58F6-47BC-937F-79C391EEE3F3}.Debug|Any CPU.ActiveCfg = Debug|Any CPU
		{9E458579-58F6-47BC-937F-79C391EEE3F3}.Debug|Any CPU.Build.0 = Debug|Any CPU
		{9E458579-58F6-47BC-937F-79C391EEE3F3}.Release|Any CPU.ActiveCfg = Release|Any CPU
		{9E458579-58F6-47BC-937F-79C391EEE3F3}.Release|Any CPU.Build.0 = Release|Any CPU
		{9B07410A-BD71-4D91-BB18-F74303540AAD}.Debug|Any CPU.ActiveCfg = Debug|Any CPU
		{9B07410A-BD71-4D91-BB18-F74303540AAD}.Debug|Any CPU.Build.0 = Debug|Any CPU
		{9B07410A-BD71-4D91-BB18-F74303540AAD}.Release|Any CPU.ActiveCfg = Release|Any CPU
		{9B07410A-BD71-4D91-BB18-F74303540AAD}.Release|Any CPU.Build.0 = Release|Any CPU
	EndGlobalSection
	GlobalSection(SolutionProperties) = preSolution
		HideSolutionNode = FALSE
	EndGlobalSection
	GlobalSection(ExtensibilityGlobals) = postSolution
		SolutionGuid = {FF5CA5F6-07AE-4AF7-A877-F03E9BE386CA}
	EndGlobalSection
EndGlobal
